
Microsoft Visual Studio Solution File, Format Version 12.00
Project("{FAE04EC0-301F-11D3-BF4B-00C04F79EFBC}") = "MediaFixerLib", "MediaFixerLib\MediaFixerLib.csproj", "{FFCBE2D0-2C44-4121-8E1B-D8FDD9988BFF}"
EndProject
Project("{FAE04EC0-301F-11D3-BF4B-00C04F79EFBC}") = "MediaFixerLib.SmokeTests", "MediaFixerLib.SmokeTests\MediaFixerLib.SmokeTests.csproj", "{C3C112C9-C15F-4DC8-B3C7-5B5F0CE088B0}"
EndProject
Project("{FAE04EC0-301F-11D3-BF4B-00C04F79EFBC}") = "MediaFixerUI", "MediaFixerUI\MediaFixerUI.csproj", "{A27D2D47-AACE-47FC-96CB-583972D77254}"
EndProject
Project("{FAE04EC0-301F-11D3-BF4B-00C04F79EFBC}") = "MediaFixerLib.UnitTests", "MediaFixerLib.UnitTests\MediaFixerLib.UnitTests.csproj", "{91AF35F4-606B-45FE-9152-849C1240D47E}"
EndProject
Global
	GlobalSection(SolutionConfigurationPlatforms) = preSolution
		Debug|Any CPU = Debug|Any CPU
		Release|Any CPU = Release|Any CPU
	EndGlobalSection
	GlobalSection(ProjectConfigurationPlatforms) = postSolution
		{FFCBE2D0-2C44-4121-8E1B-D8FDD9988BFF}.Debug|Any CPU.ActiveCfg = Debug|Any CPU
		{FFCBE2D0-2C44-4121-8E1B-D8FDD9988BFF}.Debug|Any CPU.Build.0 = Debug|Any CPU
		{FFCBE2D0-2C44-4121-8E1B-D8FDD9988BFF}.Release|Any CPU.ActiveCfg = Release|Any CPU
		{FFCBE2D0-2C44-4121-8E1B-D8FDD9988BFF}.Release|Any CPU.Build.0 = Release|Any CPU
		{C3C112C9-C15F-4DC8-B3C7-5B5F0CE088B0}.Debug|Any CPU.ActiveCfg = Debug|Any CPU
		{C3C112C9-C15F-4DC8-B3C7-5B5F0CE088B0}.Debug|Any CPU.Build.0 = Debug|Any CPU
		{C3C112C9-C15F-4DC8-B3C7-5B5F0CE088B0}.Release|Any CPU.ActiveCfg = Release|Any CPU
		{C3C112C9-C15F-4DC8-B3C7-5B5F0CE088B0}.Release|Any CPU.Build.0 = Release|Any CPU
		{A27D2D47-AACE-47FC-96CB-583972D77254}.Debug|Any CPU.ActiveCfg = Debug|x86
		{A27D2D47-AACE-47FC-96CB-583972D77254}.Debug|Any CPU.Build.0 = Debug|x86
		{A27D2D47-AACE-47FC-96CB-583972D77254}.Release|Any CPU.ActiveCfg = Release|x86
		{A27D2D47-AACE-47FC-96CB-583972D77254}.Release|Any CPU.Build.0 = Release|x86
		{91AF35F4-606B-45FE-9152-849C1240D47E}.Debug|Any CPU.ActiveCfg = Debug|Any CPU
		{91AF35F4-606B-45FE-9152-849C1240D47E}.Debug|Any CPU.Build.0 = Debug|Any CPU
		{91AF35F4-606B-45FE-9152-849C1240D47E}.Release|Any CPU.ActiveCfg = Release|Any CPU
		{91AF35F4-606B-45FE-9152-849C1240D47E}.Release|Any CPU.Build.0 = Release|Any CPU
	EndGlobalSection
EndGlobal
